// !$*UTF8*$!
{
	archiveVersion = 1;
	classes = {
	};
	objectVersion = 46;
	objects = {

/* Begin PBXBuildFile section */
		762820D21D7975E000B99CCC /* main.m in Sources */ = {isa = PBXBuildFile; fileRef = 762820D11D7975E000B99CCC /* main.m */; };
		762820D51D7975E000B99CCC /* AppDelegate.m in Sources */ = {isa = PBXBuildFile; fileRef = 762820D41D7975E000B99CCC /* AppDelegate.m */; };
		762820DD1D7975E000B99CCC /* Assets.xcassets in Resources */ = {isa = PBXBuildFile; fileRef = 762820DC1D7975E000B99CCC /* Assets.xcassets */; };
		762820E01D7975E000B99CCC /* LaunchScreen.storyboard in Resources */ = {isa = PBXBuildFile; fileRef = 762820DE1D7975E000B99CCC /* LaunchScreen.storyboard */; };
		762820EA1D7976A600B99CCC /* UIView+Frame.m in Sources */ = {isa = PBXBuildFile; fileRef = 762820E91D7976A600B99CCC /* UIView+Frame.m */; };
		762820F01D7976B300B99CCC /* ZTBaseMenuViewController.m in Sources */ = {isa = PBXBuildFile; fileRef = 762820ED1D7976B300B99CCC /* ZTBaseMenuViewController.m */; };
		762820F11D7976B300B99CCC /* ZTViewController.m in Sources */ = {isa = PBXBuildFile; fileRef = 762820EF1D7976B300B99CCC /* ZTViewController.m */; };
		762820FF1D7976BB00B99CCC /* FifthViewController.m in Sources */ = {isa = PBXBuildFile; fileRef = 762820F41D7976BB00B99CCC /* FifthViewController.m */; };
		762821001D7976BB00B99CCC /* FirstViewController.m in Sources */ = {isa = PBXBuildFile; fileRef = 762820F61D7976BB00B99CCC /* FirstViewController.m */; };
		762821011D7976BB00B99CCC /* FourthViewController.m in Sources */ = {isa = PBXBuildFile; fileRef = 762820F81D7976BB00B99CCC /* FourthViewController.m */; };
		762821021D7976BB00B99CCC /* SecondViewController.m in Sources */ = {isa = PBXBuildFile; fileRef = 762820FA1D7976BB00B99CCC /* SecondViewController.m */; };
		762821031D7976BB00B99CCC /* ThirdViewController.m in Sources */ = {isa = PBXBuildFile; fileRef = 762820FC1D7976BB00B99CCC /* ThirdViewController.m */; };
		762821041D7976BB00B99CCC /* ThreeViewController.m in Sources */ = {isa = PBXBuildFile; fileRef = 762820FE1D7976BB00B99CCC /* ThreeViewController.m */; };
		762821071D79CA1C00B99CCC /* SixthViewController.m in Sources */ = {isa = PBXBuildFile; fileRef = 762821061D79CA1C00B99CCC /* SixthViewController.m */; };
/* End PBXBuildFile section */

/* Begin PBXFileReference section */
		762820CD1D7975E000B99CCC /* ZTMenuBarType2.app */ = {isa = PBXFileReference; explicitFileType = wrapper.application; includeInIndex = 0; path = ZTMenuBarType2.app; sourceTree = BUILT_PRODUCTS_DIR; };
		762820D11D7975E000B99CCC /* main.m */ = {isa = PBXFileReference; lastKnownFileType = sourcecode.c.objc; path = main.m; sourceTree = "<group>"; };
		762820D31D7975E000B99CCC /* AppDelegate.h */ = {isa = PBXFileReference; lastKnownFileType = sourcecode.c.h; path = AppDelegate.h; sourceTree = "<group>"; };
		762820D41D7975E000B99CCC /* AppDelegate.m */ = {isa = PBXFileReference; lastKnownFileType = sourcecode.c.objc; path = AppDelegate.m; sourceTree = "<group>"; };
		762820DC1D7975E000B99CCC /* Assets.xcassets */ = {isa = PBXFileReference; lastKnownFileType = folder.assetcatalog; path = Assets.xcassets; sourceTree = "<group>"; };
		762820DF1D7975E000B99CCC /* Base */ = {isa = PBXFileReference; lastKnownFileType = file.storyboard; name = Base; path = Base.lproj/LaunchScreen.storyboard; sourceTree = "<group>"; };
		762820E11D7975E000B99CCC /* Info.plist */ = {isa = PBXFileReference; lastKnownFileType = text.plist.xml; path = Info.plist; sourceTree = "<group>"; };
		762820E81D7976A600B99CCC /* UIView+Frame.h */ = {isa = PBXFileReference; fileEncoding = 4; lastKnownFileType = sourcecode.c.h; path = "UIView+Frame.h"; sourceTree = "<group>"; };
		762820E91D7976A600B99CCC /* UIView+Frame.m */ = {isa = PBXFileReference; fileEncoding = 4; lastKnownFileType = sourcecode.c.objc; path = "UIView+Frame.m"; sourceTree = "<group>"; };
		762820EC1D7976B300B99CCC /* ZTBaseMenuViewController.h */ = {isa = PBXFileReference; fileEncoding = 4; lastKnownFileType = sourcecode.c.h; path = ZTBaseMenuViewController.h; sourceTree = "<group>"; };
		762820ED1D7976B300B99CCC /* ZTBaseMenuViewController.m */ = {isa = PBXFileReference; fileEncoding = 4; lastKnownFileType = sourcecode.c.objc; path = ZTBaseMenuViewController.m; sourceTree = "<group>"; };
		762820EE1D7976B300B99CCC /* ZTViewController.h */ = {isa = PBXFileReference; fileEncoding = 4; lastKnownFileType = sourcecode.c.h; path = ZTViewController.h; sourceTree = "<group>"; };
		762820EF1D7976B300B99CCC /* ZTViewController.m */ = {isa = PBXFileReference; fileEncoding = 4; lastKnownFileType = sourcecode.c.objc; path = ZTViewController.m; sourceTree = "<group>"; };
		762820F31D7976BB00B99CCC /* FifthViewController.h */ = {isa = PBXFileReference; fileEncoding = 4; lastKnownFileType = sourcecode.c.h; path = FifthViewController.h; sourceTree = "<group>"; };
		762820F41D7976BB00B99CCC /* FifthViewController.m */ = {isa = PBXFileReference; fileEncoding = 4; lastKnownFileType = sourcecode.c.objc; path = FifthViewController.m; sourceTree = "<group>"; };
		762820F51D7976BB00B99CCC /* FirstViewController.h */ = {isa = PBXFileReference; fileEncoding = 4; lastKnownFileType = sourcecode.c.h; path = FirstViewController.h; sourceTree = "<group>"; };
		762820F61D7976BB00B99CCC /* FirstViewController.m */ = {isa = PBXFileReference; fileEncoding = 4; lastKnownFileType = sourcecode.c.objc; path = FirstViewController.m; sourceTree = "<group>"; };
		762820F71D7976BB00B99CCC /* FourthViewController.h */ = {isa = PBXFileReference; fileEncoding = 4; lastKnownFileType = sourcecode.c.h; path = FourthViewController.h; sourceTree = "<group>"; };
		762820F81D7976BB00B99CCC /* FourthViewController.m */ = {isa = PBXFileReference; fileEncoding = 4; lastKnownFileType = sourcecode.c.objc; path = FourthViewController.m; sourceTree = "<group>"; };
		762820F91D7976BB00B99CCC /* SecondViewController.h */ = {isa = PBXFileReference; fileEncoding = 4; lastKnownFileType = sourcecode.c.h; path = SecondViewController.h; sourceTree = "<group>"; };
		762820FA1D7976BB00B99CCC /* SecondViewController.m */ = {isa = PBXFileReference; fileEncoding = 4; lastKnownFileType = sourcecode.c.objc; path = SecondViewController.m; sourceTree = "<group>"; };
		762820FB1D7976BB00B99CCC /* ThirdViewController.h */ = {isa = PBXFileReference; fileEncoding = 4; lastKnownFileType = sourcecode.c.h; path = ThirdViewController.h; sourceTree = "<group>"; };
		762820FC1D7976BB00B99CCC /* ThirdViewController.m */ = {isa = PBXFileReference; fileEncoding = 4; lastKnownFileType = sourcecode.c.objc; path = ThirdViewController.m; sourceTree = "<group>"; };
		762820FD1D7976BB00B99CCC /* ThreeViewController.h */ = {isa = PBXFileReference; fileEncoding = 4; lastKnownFileType = sourcecode.c.h; path = ThreeViewController.h; sourceTree = "<group>"; };
		762820FE1D7976BB00B99CCC /* ThreeViewController.m */ = {isa = PBXFileReference; fileEncoding = 4; lastKnownFileType = sourcecode.c.objc; path = ThreeViewController.m; sourceTree = "<group>"; };
		762821051D79CA1C00B99CCC /* SixthViewController.h */ = {isa = PBXFileReference; fileEncoding = 4; lastKnownFileType = sourcecode.c.h; path = SixthViewController.h; sourceTree = "<group>"; };
		762821061D79CA1C00B99CCC /* SixthViewController.m */ = {isa = PBXFileReference; fileEncoding = 4; lastKnownFileType = sourcecode.c.objc; path = SixthViewController.m; sourceTree = "<group>"; };
/* End PBXFileReference section */

/* Begin PBXFrameworksBuildPhase section */
		762820CA1D7975E000B99CCC /* Frameworks */ = {
			isa = PBXFrameworksBuildPhase;
			buildActionMask = 2147483647;
			files = (
			);
			runOnlyForDeploymentPostprocessing = 0;
		};
/* End PBXFrameworksBuildPhase section */

/* Begin PBXGroup section */
		762820C41D7975E000B99CCC = {
			isa = PBXGroup;
			children = (
				762820CF1D7975E000B99CCC /* ZTMenuBarType2 */,
				762820CE1D7975E000B99CCC /* Products */,
			);
			sourceTree = "<group>";
		};
		762820CE1D7975E000B99CCC /* Products */ = {
			isa = PBXGroup;
			children = (
				762820CD1D7975E000B99CCC /* ZTMenuBarType2.app */,
			);
			name = Products;
			sourceTree = "<group>";
		};
		762820CF1D7975E000B99CCC /* ZTMenuBarType2 */ = {
			isa = PBXGroup;
			children = (
				762820F21D7976BB00B99CCC /* TitleViewControllers */,
				762820EB1D7976B300B99CCC /* Main */,
				762820E71D7976A600B99CCC /* Category */,
				762820D31D7975E000B99CCC /* AppDelegate.h */,
				762820D41D7975E000B99CCC /* AppDelegate.m */,
				762820DC1D7975E000B99CCC /* Assets.xcassets */,
				762820DE1D7975E000B99CCC /* LaunchScreen.storyboard */,
				762820E11D7975E000B99CCC /* Info.plist */,
				762820D01D7975E000B99CCC /* Supporting Files */,
			);
			path = ZTMenuBarType2;
			sourceTree = "<group>";
		};
		762820D01D7975E000B99CCC /* Supporting Files */ = {
			isa = PBXGroup;
			children = (
				762820D11D7975E000B99CCC /* main.m */,
			);
			name = "Supporting Files";
			sourceTree = "<group>";
		};
		762820E71D7976A600B99CCC /* Category */ = {
			isa = PBXGroup;
			children = (
				762820E81D7976A600B99CCC /* UIView+Frame.h */,
				762820E91D7976A600B99CCC /* UIView+Frame.m */,
			);
			path = Category;
			sourceTree = "<group>";
		};
		762820EB1D7976B300B99CCC /* Main */ = {
			isa = PBXGroup;
			children = (
				762820EC1D7976B300B99CCC /* ZTBaseMenuViewController.h */,
				762820ED1D7976B300B99CCC /* ZTBaseMenuViewController.m */,
				762820EE1D7976B300B99CCC /* ZTViewController.h */,
				762820EF1D7976B300B99CCC /* ZTViewController.m */,
			);
			path = Main;
			sourceTree = "<group>";
		};
		762820F21D7976BB00B99CCC /* TitleViewControllers */ = {
			isa = PBXGroup;
			children = (
				762820F31D7976BB00B99CCC /* FifthViewController.h */,
				762820F41D7976BB00B99CCC /* FifthViewController.m */,
				762820F51D7976BB00B99CCC /* FirstViewController.h */,
				762820F61D7976BB00B99CCC /* FirstViewController.m */,
				762820F71D7976BB00B99CCC /* FourthViewController.h */,
				762820F81D7976BB00B99CCC /* FourthViewController.m */,
				762820F91D7976BB00B99CCC /* SecondViewController.h */,
				762820FA1D7976BB00B99CCC /* SecondViewController.m */,
				762820FB1D7976BB00B99CCC /* ThirdViewController.h */,
				762820FC1D7976BB00B99CCC /* ThirdViewController.m */,
				762820FD1D7976BB00B99CCC /* ThreeViewController.h */,
				762820FE1D7976BB00B99CCC /* ThreeViewController.m */,
				762821051D79CA1C00B99CCC /* SixthViewController.h */,
				762821061D79CA1C00B99CCC /* SixthViewController.m */,
			);
			path = TitleViewControllers;
			sourceTree = "<group>";
		};
/* End PBXGroup section */

/* Begin PBXNativeTarget section */
		762820CC1D7975E000B99CCC /* ZTMenuBarType2 */ = {
			isa = PBXNativeTarget;
			buildConfigurationList = 762820E41D7975E000B99CCC /* Build configuration list for PBXNativeTarget "ZTMenuBarType2" */;
			buildPhases = (
				762820C91D7975E000B99CCC /* Sources */,
				762820CA1D7975E000B99CCC /* Frameworks */,
				762820CB1D7975E000B99CCC /* Resources */,
			);
			buildRules = (
			);
			dependencies = (
			);
			name = ZTMenuBarType2;
			productName = ZTMenuBarType2;
			productReference = 762820CD1D7975E000B99CCC /* ZTMenuBarType2.app */;
			productType = "com.apple.product-type.application";
		};
/* End PBXNativeTarget section */

/* Begin PBXProject section */
		762820C51D7975E000B99CCC /* Project object */ = {
			isa = PBXProject;
			attributes = {
				CLASSPREFIX = ZT;
				LastUpgradeCheck = 0730;
				ORGANIZATIONNAME = zzt;
				TargetAttributes = {
					762820CC1D7975E000B99CCC = {
						CreatedOnToolsVersion = 7.3.1;
						DevelopmentTeam = BU6KEP3S7Y;
					};
				};
			};
			buildConfigurationList = 762820C81D7975E000B99CCC /* Build configuration list for PBXProject "ZTMenuBarType2" */;
			compatibilityVersion = "Xcode 3.2";
			developmentRegion = English;
			hasScannedForEncodings = 0;
			knownRegions = (
				en,
				Base,
			);
			mainGroup = 762820C41D7975E000B99CCC;
			productRefGroup = 762820CE1D7975E000B99CCC /* Products */;
			projectDirPath = "";
			projectRoot = "";
			targets = (
				762820CC1D7975E000B99CCC /* ZTMenuBarType2 */,
			);
		};
/* End PBXProject section */

/* Begin PBXResourcesBuildPhase section */
		762820CB1D7975E000B99CCC /* Resources */ = {
			isa = PBXResourcesBuildPhase;
			buildActionMask = 2147483647;
			files = (
				762820E01D7975E000B99CCC /* LaunchScreen.storyboard in Resources */,
				762820DD1D7975E000B99CCC /* Assets.xcassets in Resources */,
			);
			runOnlyForDeploymentPostprocessing = 0;
		};
/* End PBXResourcesBuildPhase section */

/* Begin PBXSourcesBuildPhase section */
		762820C91D7975E000B99CCC /* Sources */ = {
			isa = PBXSourcesBuildPhase;
			buildActionMask = 2147483647;
			files = (
				762821021D7976BB00B99CCC /* SecondViewController.m in Sources */,
				762821011D7976BB00B99CCC /* FourthViewController.m in Sources */,
				762821041D7976BB00B99CCC /* ThreeViewController.m in Sources */,
				762820FF1D7976BB00B99CCC /* FifthViewController.m in Sources */,
				762820EA1D7976A600B99CCC /* UIView+Frame.m in Sources */,
				762821001D7976BB00B99CCC /* FirstViewController.m in Sources */,
				762820D51D7975E000B99CCC /* AppDelegate.m in Sources */,
				762821031D7976BB00B99CCC /* ThirdViewController.m in Sources */,
				762820F01D7976B300B99CCC /* ZTBaseMenuViewController.m in Sources */,
				762820F11D7976B300B99CCC /* ZTViewController.m in Sources */,
				762820D21D7975E000B99CCC /* main.m in Sources */,
				762821071D79CA1C00B99CCC /* SixthViewController.m in Sources */,
			);
			runOnlyForDeploymentPostprocessing = 0;
		};
/* End PBXSourcesBuildPhase section */

/* Begin PBXVariantGroup section */
		762820DE1D7975E000B99CCC /* LaunchScreen.storyboard */ = {
			isa = PBXVariantGroup;
			children = (
				762820DF1D7975E000B99CCC /* Base */,
			);
			name = LaunchScreen.storyboard;
			sourceTree = "<group>";
		};
/* End PBXVariantGroup section */

/* Begin XCBuildConfiguration section */
		762820E21D7975E000B99CCC /* Debug */ = {
			isa = XCBuildConfiguration;
			buildSettings = {
				ALWAYS_SEARCH_USER_PATHS = NO;
				CLANG_ANALYZER_NONNULL = YES;
				CLANG_CXX_LANGUAGE_STANDARD = "gnu++0x";
				CLANG_CXX_LIBRARY = "libc++";
				CLANG_ENABLE_MODULES = YES;
				CLANG_ENABLE_OBJC_ARC = YES;
				CLANG_WARN_BOOL_CONVERSION = YES;
				CLANG_WARN_CONSTANT_CONVERSION = YES;
				CLANG_WARN_DIRECT_OBJC_ISA_USAGE = YES_ERROR;
				CLANG_WARN_EMPTY_BODY = YES;
				CLANG_WARN_ENUM_CONVERSION = YES;
				CLANG_WARN_INT_CONVERSION = YES;
				CLANG_WARN_OBJC_ROOT_CLASS = YES_ERROR;
				CLANG_WARN_UNREACHABLE_CODE = YES;
				CLANG_WARN__DUPLICATE_METHOD_MATCH = YES;
				"CODE_SIGN_IDENTITY[sdk=iphoneos*]" = "iPhone Developer";
				COPY_PHASE_STRIP = NO;
				DEBUG_INFORMATION_FORMAT = dwarf;
				ENABLE_STRICT_OBJC_MSGSEND = YES;
				ENABLE_TESTABILITY = YES;
				GCC_C_LANGUAGE_STANDARD = gnu99;
				GCC_DYNAMIC_NO_PIC = NO;
				GCC_NO_COMMON_BLOCKS = YES;
				GCC_OPTIMIZATION_LEVEL = 0;
				GCC_PREPROCESSOR_DEFINITIONS = (
					"DEBUG=1",
					"$(inherited)",
				);
				GCC_WARN_64_TO_32_BIT_CONVERSION = YES;
				GCC_WARN_ABOUT_RETURN_TYPE = YES_ERROR;
				GCC_WARN_UNDECLARED_SELECTOR = YES;
				GCC_WARN_UNINITIALIZED_AUTOS = YES_AGGRESSIVE;
				GCC_WARN_UNUSED_FUNCTION = YES;
				GCC_WARN_UNUSED_VARIABLE = YES;
				IPHONEOS_DEPLOYMENT_TARGET = 9.3;
				MTL_ENABLE_DEBUG_INFO = YES;
				ONLY_ACTIVE_ARCH = YES;
				SDKROOT = iphoneos;
			};
			name = Debug;
		};
		762820E31D7975E000B99CCC /* Release */ = {
			isa = XCBuildConfiguration;
			buildSettings = {
				ALWAYS_SEARCH_USER_PATHS = NO;
				CLANG_ANALYZER_NONNULL = YES;
				CLANG_CXX_LANGUAGE_STANDARD = "gnu++0x";
				CLANG_CXX_LIBRARY = "libc++";
				CLANG_ENABLE_MODULES = YES;
				CLANG_ENABLE_OBJC_ARC = YES;
				CLANG_WARN_BOOL_CONVERSION = YES;
				CLANG_WARN_CONSTANT_CONVERSION = YES;
				CLANG_WARN_DIRECT_OBJC_ISA_USAGE = YES_ERROR;
				CLANG_WARN_EMPTY_BODY = YES;
				CLANG_WARN_ENUM_CONVERSION = YES;
				CLANG_WARN_INT_CONVERSION = YES;
				CLANG_WARN_OBJC_ROOT_CLASS = YES_ERROR;
				CLANG_WARN_UNREACHABLE_CODE = YES;
				CLANG_WARN__DUPLICATE_METHOD_MATCH = YES;
				"CODE_SIGN_IDENTITY[sdk=iphoneos*]" = "iPhone Developer";
				COPY_PHASE_STRIP = NO;
				DEBUG_INFORMATION_FORMAT = "dwarf-with-dsym";
				ENABLE_NS_ASSERTIONS = NO;
				ENABLE_STRICT_OBJC_MSGSEND = YES;
				GCC_C_LANGUAGE_STANDARD = gnu99;
				GCC_NO_COMMON_BLOCKS = YES;
				GCC_WARN_64_TO_32_BIT_CONVERSION = YES;
				GCC_WARN_ABOUT_RETURN_TYPE = YES_ERROR;
				GCC_WARN_UNDECLARED_SELECTOR = YES;
				GCC_WARN_UNINITIALIZED_AUTOS = YES_AGGRESSIVE;
				GCC_WARN_UNUSED_FUNCTION = YES;
				GCC_WARN_UNUSED_VARIABLE = YES;
				IPHONEOS_DEPLOYMENT_TARGET = 9.3;
				MTL_ENABLE_DEBUG_INFO = NO;
				SDKROOT = iphoneos;
				VALIDATE_PRODUCT = YES;
			};
			name = Release;
		};
		762820E51D7975E000B99CCC /* Debug */ = {
			isa = XCBuildConfiguration;
			buildSettings = {
				ASSETCATALOG_COMPILER_APPICON_NAME = AppIcon;
				INFOPLIST_FILE = ZTMenuBarType2/Info.plist;
				IPHONEOS_DEPLOYMENT_TARGET = 8.0;
				LD_RUNPATH_SEARCH_PATHS = "$(inherited) @executable_path/Frameworks";
				PRODUCT_BUNDLE_IDENTIFIER = com.zzt.www.ZTMenuBarType2;
				PRODUCT_NAME = "$(TARGET_NAME)";
			};
			name = Debug;
		};
		762820E61D7975E000B99CCC /* Release */ = {
			isa = XCBuildConfiguration;
			buildSettings = {
				ASSETCATALOG_COMPILER_APPICON_NAME = AppIcon;
				INFOPLIST_FILE = ZTMenuBarType2/Info.plist;
				IPHONEOS_DEPLOYMENT_TARGET = 8.0;
				LD_RUNPATH_SEARCH_PATHS = "$(inherited) @executable_path/Frameworks";
				PRODUCT_BUNDLE_IDENTIFIER = com.zzt.www.ZTMenuBarType2;
				PRODUCT_NAME = "$(TARGET_NAME)";
			};
			name = Release;
		};
/* End XCBuildConfiguration section */

/* Begin XCConfigurationList section */
		762820C81D7975E000B99CCC /* Build configuration list for PBXProject "ZTMenuBarType2" */ = {
			isa = XCConfigurationList;
			buildConfigurations = (
				762820E21D7975E000B99CCC /* Debug */,
				762820E31D7975E000B99CCC /* Release */,
			);
			defaultConfigurationIsVisible = 0;
			defaultConfigurationName = Release;
		};
		762820E41D7975E000B99CCC /* Build configuration list for PBXNativeTarget "ZTMenuBarType2" */ = {
			isa = XCConfigurationList;
			buildConfigurations = (
				762820E51D7975E000B99CCC /* Debug */,
				762820E61D7975E000B99CCC /* Release */,
			);
			defaultConfigurationIsVisible = 0;
			defaultConfigurationName = Release;
		};
/* End XCConfigurationList section */
	};
	rootObject = 762820C51D7975E000B99CCC /* Project object */;
}
